
Microsoft Visual Studio Solution File, Format Version 12.00
# Visual Studio Version 16
VisualStudioVersion = 16.0.30907.101
MinimumVisualStudioVersion = 10.0.40219.1
Project("{FAE04EC0-301F-11D3-BF4B-00C04F79EFBC}") = "BlazingShopProject", "BlazingShopProject\BlazingShopProject.csproj", "{FAAAB17E-4BEA-4BCA-B0FF-909F2C3E0BB0}"
EndProject
Project("{FAE04EC0-301F-11D3-BF4B-00C04F79EFBC}") = "Blazingshop.DomainModel", "Blazingshop.DomainModel\Blazingshop.DomainModel.csproj", "{B2F2E8FB-2CED-4E31-95EB-9A99622D0B57}"
EndProject
Project("{FAE04EC0-301F-11D3-BF4B-00C04F79EFBC}") = "BlazingShop.DataLayer", "BlazingShop.DataLayer\BlazingShop.DataLayer.csproj", "{51961C85-A032-4037-A965-1A7A1FD5BA24}"
EndProject
Project("{FAE04EC0-301F-11D3-BF4B-00C04F79EFBC}") = "BlazingShop.ServiceContract", "BlazingShop.ServiceContract\BlazingShop.ServiceContract.csproj", "{4E884B89-02B9-406F-B602-20D10B3300B9}"
EndProject
Project("{FAE04EC0-301F-11D3-BF4B-00C04F79EFBC}") = "BlazingShop.ServiceLayer", "BlazingShop.ServiceLayer\BlazingShop.ServiceLayer.csproj", "{83E3730E-53A9-4FC1-8628-ECA3556BB5B2}"
EndProject
Global
	GlobalSection(SolutionConfigurationPlatforms) = preSolution
		Debug|Any CPU = Debug|Any CPU
		Release|Any CPU = Release|Any CPU
	EndGlobalSection
	GlobalSection(ProjectConfigurationPlatforms) = postSolution
		{FAAAB17E-4BEA-4BCA-B0FF-909F2C3E0BB0}.Debug|Any CPU.ActiveCfg = Debug|Any CPU
		{FAAAB17E-4BEA-4BCA-B0FF-909F2C3E0BB0}.Debug|Any CPU.Build.0 = Debug|Any CPU
		{FAAAB17E-4BEA-4BCA-B0FF-909F2C3E0BB0}.Release|Any CPU.ActiveCfg = Release|Any CPU
		{FAAAB17E-4BEA-4BCA-B0FF-909F2C3E0BB0}.Release|Any CPU.Build.0 = Release|Any CPU
		{B2F2E8FB-2CED-4E31-95EB-9A99622D0B57}.Debug|Any CPU.ActiveCfg = Debug|Any CPU
		{B2F2E8FB-2CED-4E31-95EB-9A99622D0B57}.Debug|Any CPU.Build.0 = Debug|Any CPU
		{B2F2E8FB-2CED-4E31-95EB-9A99622D0B57}.Release|Any CPU.ActiveCfg = Release|Any CPU
		{B2F2E8FB-2CED-4E31-95EB-9A99622D0B57}.Release|Any CPU.Build.0 = Release|Any CPU
		{51961C85-A032-4037-A965-1A7A1FD5BA24}.Debug|Any CPU.ActiveCfg = Debug|Any CPU
		{51961C85-A032-4037-A965-1A7A1FD5BA24}.Debug|Any CPU.Build.0 = Debug|Any CPU
		{51961C85-A032-4037-A965-1A7A1FD5BA24}.Release|Any CPU.ActiveCfg = Release|Any CPU
		{51961C85-A032-4037-A965-1A7A1FD5BA24}.Release|Any CPU.Build.0 = Release|Any CPU
		{4E884B89-02B9-406F-B602-20D10B3300B9}.Debug|Any CPU.ActiveCfg = Debug|Any CPU
		{4E884B89-02B9-406F-B602-20D10B3300B9}.Debug|Any CPU.Build.0 = Debug|Any CPU
		{4E884B89-02B9-406F-B602-20D10B3300B9}.Release|Any CPU.ActiveCfg = Release|Any CPU
		{4E884B89-02B9-406F-B602-20D10B3300B9}.Release|Any CPU.Build.0 = Release|Any CPU
		{83E3730E-53A9-4FC1-8628-ECA3556BB5B2}.Debug|Any CPU.ActiveCfg = Debug|Any CPU
		{83E3730E-53A9-4FC1-8628-ECA3556BB5B2}.Debug|Any CPU.Build.0 = Debug|Any CPU
		{83E3730E-53A9-4FC1-8628-ECA3556BB5B2}.Release|Any CPU.ActiveCfg = Release|Any CPU
		{83E3730E-53A9-4FC1-8628-ECA3556BB5B2}.Release|Any CPU.Build.0 = Release|Any CPU
	EndGlobalSection
	GlobalSection(SolutionProperties) = preSolution
		HideSolutionNode = FALSE
	EndGlobalSection
	GlobalSection(ExtensibilityGlobals) = postSolution
		SolutionGuid = {62AA814F-E38C-42FC-9F3A-F2A45114DF58}
	EndGlobalSection
EndGlobal
